// !$*UTF8*$!
{
	archiveVersion = 1;
	classes = {
	};
	objectVersion = 46;
	objects = {

/* Begin PBXBuildFile section */
		F728BF38190C74BB00E9DF4D /* Foundation.framework in Frameworks */ = {isa = PBXBuildFile; fileRef = F728BF37190C74BB00E9DF4D /* Foundation.framework */; };
		F728BF3A190C74BB00E9DF4D /* CoreGraphics.framework in Frameworks */ = {isa = PBXBuildFile; fileRef = F728BF39190C74BB00E9DF4D /* CoreGraphics.framework */; };
		F728BF3C190C74BB00E9DF4D /* UIKit.framework in Frameworks */ = {isa = PBXBuildFile; fileRef = F728BF3B190C74BB00E9DF4D /* UIKit.framework */; };
		F728BF42190C74BB00E9DF4D /* InfoPlist.strings in Resources */ = {isa = PBXBuildFile; fileRef = F728BF40190C74BB00E9DF4D /* InfoPlist.strings */; };
		F728BF44190C74BB00E9DF4D /* main.m in Sources */ = {isa = PBXBuildFile; fileRef = F728BF43190C74BB00E9DF4D /* main.m */; };
		F728BF48190C74BB00E9DF4D /* AppDelegate.m in Sources */ = {isa = PBXBuildFile; fileRef = F728BF47190C74BB00E9DF4D /* AppDelegate.m */; };
		F728BF4B190C74BB00E9DF4D /* Main.storyboard in Resources */ = {isa = PBXBuildFile; fileRef = F728BF49190C74BB00E9DF4D /* Main.storyboard */; };
		F728BF4E190C74BB00E9DF4D /* TelaVC.m in Sources */ = {isa = PBXBuildFile; fileRef = F728BF4D190C74BB00E9DF4D /* TelaVC.m */; };
		F728BF50190C74BB00E9DF4D /* Images.xcassets in Resources */ = {isa = PBXBuildFile; fileRef = F728BF4F190C74BB00E9DF4D /* Images.xcassets */; };
		F728BF57190C74BB00E9DF4D /* XCTest.framework in Frameworks */ = {isa = PBXBuildFile; fileRef = F728BF56190C74BB00E9DF4D /* XCTest.framework */; };
		F728BF58190C74BB00E9DF4D /* Foundation.framework in Frameworks */ = {isa = PBXBuildFile; fileRef = F728BF37190C74BB00E9DF4D /* Foundation.framework */; };
		F728BF59190C74BB00E9DF4D /* UIKit.framework in Frameworks */ = {isa = PBXBuildFile; fileRef = F728BF3B190C74BB00E9DF4D /* UIKit.framework */; };
		F728BF61190C74BB00E9DF4D /* InfoPlist.strings in Resources */ = {isa = PBXBuildFile; fileRef = F728BF5F190C74BB00E9DF4D /* InfoPlist.strings */; };
		F728BF63190C74BB00E9DF4D /* VitaTests.m in Sources */ = {isa = PBXBuildFile; fileRef = F728BF62190C74BB00E9DF4D /* VitaTests.m */; };
		F728BF6E190C76F600E9DF4D /* MapaVC.m in Sources */ = {isa = PBXBuildFile; fileRef = F728BF6D190C76F600E9DF4D /* MapaVC.m */; };
		F728BF71190C778800E9DF4D /* PrincipalVC.m in Sources */ = {isa = PBXBuildFile; fileRef = F728BF70190C778800E9DF4D /* PrincipalVC.m */; };
		F728BF73190C77E700E9DF4D /* MapKit.framework in Frameworks */ = {isa = PBXBuildFile; fileRef = F728BF72190C77E700E9DF4D /* MapKit.framework */; };
		F728BF75190C77F000E9DF4D /* CoreLocation.framework in Frameworks */ = {isa = PBXBuildFile; fileRef = F728BF74190C77F000E9DF4D /* CoreLocation.framework */; };
/* End PBXBuildFile section */

/* Begin PBXContainerItemProxy section */
		F728BF5A190C74BB00E9DF4D /* PBXContainerItemProxy */ = {
			isa = PBXContainerItemProxy;
			containerPortal = F728BF2C190C74BB00E9DF4D /* Project object */;
			proxyType = 1;
			remoteGlobalIDString = F728BF33190C74BB00E9DF4D;
			remoteInfo = Vita;
		};
/* End PBXContainerItemProxy section */

/* Begin PBXFileReference section */
		F728BF34190C74BB00E9DF4D /* Vita.app */ = {isa = PBXFileReference; explicitFileType = wrapper.application; includeInIndex = 0; path = Vita.app; sourceTree = BUILT_PRODUCTS_DIR; };
		F728BF37190C74BB00E9DF4D /* Foundation.framework */ = {isa = PBXFileReference; lastKnownFileType = wrapper.framework; name = Foundation.framework; path = System/Library/Frameworks/Foundation.framework; sourceTree = SDKROOT; };
		F728BF39190C74BB00E9DF4D /* CoreGraphics.framework */ = {isa = PBXFileReference; lastKnownFileType = wrapper.framework; name = CoreGraphics.framework; path = System/Library/Frameworks/CoreGraphics.framework; sourceTree = SDKROOT; };
		F728BF3B190C74BB00E9DF4D /* UIKit.framework */ = {isa = PBXFileReference; lastKnownFileType = wrapper.framework; name = UIKit.framework; path = System/Library/Frameworks/UIKit.framework; sourceTree = SDKROOT; };
		F728BF3F190C74BB00E9DF4D /* Vita-Info.plist */ = {isa = PBXFileReference; lastKnownFileType = text.plist.xml; path = "Vita-Info.plist"; sourceTree = "<group>"; };
		F728BF41190C74BB00E9DF4D /* en */ = {isa = PBXFileReference; lastKnownFileType = text.plist.strings; name = en; path = en.lproj/InfoPlist.strings; sourceTree = "<group>"; };
		F728BF43190C74BB00E9DF4D /* main.m */ = {isa = PBXFileReference; lastKnownFileType = sourcecode.c.objc; path = main.m; sourceTree = "<group>"; };
		F728BF45190C74BB00E9DF4D /* Vita-Prefix.pch */ = {isa = PBXFileReference; lastKnownFileType = sourcecode.c.h; path = "Vita-Prefix.pch"; sourceTree = "<group>"; };
		F728BF46190C74BB00E9DF4D /* AppDelegate.h */ = {isa = PBXFileReference; lastKnownFileType = sourcecode.c.h; path = AppDelegate.h; sourceTree = "<group>"; };
		F728BF47190C74BB00E9DF4D /* AppDelegate.m */ = {isa = PBXFileReference; lastKnownFileType = sourcecode.c.objc; path = AppDelegate.m; sourceTree = "<group>"; };
		F728BF4A190C74BB00E9DF4D /* Base */ = {isa = PBXFileReference; lastKnownFileType = file.storyboard; name = Base; path = Base.lproj/Main.storyboard; sourceTree = "<group>"; };
		F728BF4C190C74BB00E9DF4D /* TelaVC.h */ = {isa = PBXFileReference; lastKnownFileType = sourcecode.c.h; path = TelaVC.h; sourceTree = "<group>"; };
		F728BF4D190C74BB00E9DF4D /* TelaVC.m */ = {isa = PBXFileReference; lastKnownFileType = sourcecode.c.objc; path = TelaVC.m; sourceTree = "<group>"; };
		F728BF4F190C74BB00E9DF4D /* Images.xcassets */ = {isa = PBXFileReference; lastKnownFileType = folder.assetcatalog; path = Images.xcassets; sourceTree = "<group>"; };
		F728BF55190C74BB00E9DF4D /* VitaTests.xctest */ = {isa = PBXFileReference; explicitFileType = wrapper.cfbundle; includeInIndex = 0; path = VitaTests.xctest; sourceTree = BUILT_PRODUCTS_DIR; };
		F728BF56190C74BB00E9DF4D /* XCTest.framework */ = {isa = PBXFileReference; lastKnownFileType = wrapper.framework; name = XCTest.framework; path = Library/Frameworks/XCTest.framework; sourceTree = DEVELOPER_DIR; };
		F728BF5E190C74BB00E9DF4D /* VitaTests-Info.plist */ = {isa = PBXFileReference; lastKnownFileType = text.plist.xml; path = "VitaTests-Info.plist"; sourceTree = "<group>"; };
		F728BF60190C74BB00E9DF4D /* en */ = {isa = PBXFileReference; lastKnownFileType = text.plist.strings; name = en; path = en.lproj/InfoPlist.strings; sourceTree = "<group>"; };
		F728BF62190C74BB00E9DF4D /* VitaTests.m */ = {isa = PBXFileReference; lastKnownFileType = sourcecode.c.objc; path = VitaTests.m; sourceTree = "<group>"; };
		F728BF6C190C76F600E9DF4D /* MapaVC.h */ = {isa = PBXFileReference; fileEncoding = 4; lastKnownFileType = sourcecode.c.h; path = MapaVC.h; sourceTree = "<group>"; };
		F728BF6D190C76F600E9DF4D /* MapaVC.m */ = {isa = PBXFileReference; fileEncoding = 4; lastKnownFileType = sourcecode.c.objc; path = MapaVC.m; sourceTree = "<group>"; };
		F728BF6F190C778800E9DF4D /* PrincipalVC.h */ = {isa = PBXFileReference; fileEncoding = 4; lastKnownFileType = sourcecode.c.h; path = PrincipalVC.h; sourceTree = "<group>"; };
		F728BF70190C778800E9DF4D /* PrincipalVC.m */ = {isa = PBXFileReference; fileEncoding = 4; lastKnownFileType = sourcecode.c.objc; path = PrincipalVC.m; sourceTree = "<group>"; };
		F728BF72190C77E700E9DF4D /* MapKit.framework */ = {isa = PBXFileReference; lastKnownFileType = wrapper.framework; name = MapKit.framework; path = System/Library/Frameworks/MapKit.framework; sourceTree = SDKROOT; };
		F728BF74190C77F000E9DF4D /* CoreLocation.framework */ = {isa = PBXFileReference; lastKnownFileType = wrapper.framework; name = CoreLocation.framework; path = System/Library/Frameworks/CoreLocation.framework; sourceTree = SDKROOT; };
/* End PBXFileReference section */

/* Begin PBXFrameworksBuildPhase section */
		F728BF31190C74BB00E9DF4D /* Frameworks */ = {
			isa = PBXFrameworksBuildPhase;
			buildActionMask = 2147483647;
			files = (
				F728BF75190C77F000E9DF4D /* CoreLocation.framework in Frameworks */,
				F728BF73190C77E700E9DF4D /* MapKit.framework in Frameworks */,
				F728BF3A190C74BB00E9DF4D /* CoreGraphics.framework in Frameworks */,
				F728BF3C190C74BB00E9DF4D /* UIKit.framework in Frameworks */,
				F728BF38190C74BB00E9DF4D /* Foundation.framework in Frameworks */,
			);
			runOnlyForDeploymentPostprocessing = 0;
		};
		F728BF52190C74BB00E9DF4D /* Frameworks */ = {
			isa = PBXFrameworksBuildPhase;
			buildActionMask = 2147483647;
			files = (
				F728BF57190C74BB00E9DF4D /* XCTest.framework in Frameworks */,
				F728BF59190C74BB00E9DF4D /* UIKit.framework in Frameworks */,
				F728BF58190C74BB00E9DF4D /* Foundation.framework in Frameworks */,
			);
			runOnlyForDeploymentPostprocessing = 0;
		};
/* End PBXFrameworksBuildPhase section */

/* Begin PBXGroup section */
		F728BF2B190C74BB00E9DF4D = {
			isa = PBXGroup;
			children = (
				F728BF3D190C74BB00E9DF4D /* Vita */,
				F728BF5C190C74BB00E9DF4D /* VitaTests */,
				F728BF36190C74BB00E9DF4D /* Frameworks */,
				F728BF35190C74BB00E9DF4D /* Products */,
			);
			sourceTree = "<group>";
		};
		F728BF35190C74BB00E9DF4D /* Products */ = {
			isa = PBXGroup;
			children = (
				F728BF34190C74BB00E9DF4D /* Vita.app */,
				F728BF55190C74BB00E9DF4D /* VitaTests.xctest */,
			);
			name = Products;
			sourceTree = "<group>";
		};
		F728BF36190C74BB00E9DF4D /* Frameworks */ = {
			isa = PBXGroup;
			children = (
				F728BF74190C77F000E9DF4D /* CoreLocation.framework */,
				F728BF72190C77E700E9DF4D /* MapKit.framework */,
				F728BF37190C74BB00E9DF4D /* Foundation.framework */,
				F728BF39190C74BB00E9DF4D /* CoreGraphics.framework */,
				F728BF3B190C74BB00E9DF4D /* UIKit.framework */,
				F728BF56190C74BB00E9DF4D /* XCTest.framework */,
			);
			name = Frameworks;
			sourceTree = "<group>";
		};
		F728BF3D190C74BB00E9DF4D /* Vita */ = {
			isa = PBXGroup;
			children = (
				F728BF46190C74BB00E9DF4D /* AppDelegate.h */,
				F728BF47190C74BB00E9DF4D /* AppDelegate.m */,
				F728BF49190C74BB00E9DF4D /* Main.storyboard */,
				F728BF6F190C778800E9DF4D /* PrincipalVC.h */,
				F728BF70190C778800E9DF4D /* PrincipalVC.m */,
				F728BF6C190C76F600E9DF4D /* MapaVC.h */,
				F728BF6D190C76F600E9DF4D /* MapaVC.m */,
				F728BF4C190C74BB00E9DF4D /* TelaVC.h */,
				F728BF4D190C74BB00E9DF4D /* TelaVC.m */,
				F728BF4F190C74BB00E9DF4D /* Images.xcassets */,
				F728BF3E190C74BB00E9DF4D /* Supporting Files */,
			);
			path = Vita;
			sourceTree = "<group>";
		};
		F728BF3E190C74BB00E9DF4D /* Supporting Files */ = {
			isa = PBXGroup;
			children = (
				F728BF3F190C74BB00E9DF4D /* Vita-Info.plist */,
				F728BF40190C74BB00E9DF4D /* InfoPlist.strings */,
				F728BF43190C74BB00E9DF4D /* main.m */,
				F728BF45190C74BB00E9DF4D /* Vita-Prefix.pch */,
			);
			name = "Supporting Files";
			sourceTree = "<group>";
		};
		F728BF5C190C74BB00E9DF4D /* VitaTests */ = {
			isa = PBXGroup;
			children = (
				F728BF62190C74BB00E9DF4D /* VitaTests.m */,
				F728BF5D190C74BB00E9DF4D /* Supporting Files */,
			);
			path = VitaTests;
			sourceTree = "<group>";
		};
		F728BF5D190C74BB00E9DF4D /* Supporting Files */ = {
			isa = PBXGroup;
			children = (
				F728BF5E190C74BB00E9DF4D /* VitaTests-Info.plist */,
				F728BF5F190C74BB00E9DF4D /* InfoPlist.strings */,
			);
			name = "Supporting Files";
			sourceTree = "<group>";
		};
/* End PBXGroup section */

/* Begin PBXNativeTarget section */
		F728BF33190C74BB00E9DF4D /* Vita */ = {
			isa = PBXNativeTarget;
			buildConfigurationList = F728BF66190C74BB00E9DF4D /* Build configuration list for PBXNativeTarget "Vita" */;
			buildPhases = (
				F728BF30190C74BB00E9DF4D /* Sources */,
				F728BF31190C74BB00E9DF4D /* Frameworks */,
				F728BF32190C74BB00E9DF4D /* Resources */,
			);
			buildRules = (
			);
			dependencies = (
			);
			name = Vita;
			productName = Vita;
			productReference = F728BF34190C74BB00E9DF4D /* Vita.app */;
			productType = "com.apple.product-type.application";
		};
		F728BF54190C74BB00E9DF4D /* VitaTests */ = {
			isa = PBXNativeTarget;
			buildConfigurationList = F728BF69190C74BB00E9DF4D /* Build configuration list for PBXNativeTarget "VitaTests" */;
			buildPhases = (
				F728BF51190C74BB00E9DF4D /* Sources */,
				F728BF52190C74BB00E9DF4D /* Frameworks */,
				F728BF53190C74BB00E9DF4D /* Resources */,
			);
			buildRules = (
			);
			dependencies = (
				F728BF5B190C74BB00E9DF4D /* PBXTargetDependency */,
			);
			name = VitaTests;
			productName = VitaTests;
			productReference = F728BF55190C74BB00E9DF4D /* VitaTests.xctest */;
			productType = "com.apple.product-type.bundle.unit-test";
		};
/* End PBXNativeTarget section */

/* Begin PBXProject section */
		F728BF2C190C74BB00E9DF4D /* Project object */ = {
			isa = PBXProject;
			attributes = {
				LastUpgradeCheck = 0510;
				ORGANIZATIONNAME = "Ezequiel Franca dos Santos";
				TargetAttributes = {
					F728BF54190C74BB00E9DF4D = {
						TestTargetID = F728BF33190C74BB00E9DF4D;
					};
				};
			};
			buildConfigurationList = F728BF2F190C74BB00E9DF4D /* Build configuration list for PBXProject "Vita" */;
			compatibilityVersion = "Xcode 3.2";
			developmentRegion = English;
			hasScannedForEncodings = 0;
			knownRegions = (
				en,
				Base,
			);
			mainGroup = F728BF2B190C74BB00E9DF4D;
			productRefGroup = F728BF35190C74BB00E9DF4D /* Products */;
			projectDirPath = "";
			projectRoot = "";
			targets = (
				F728BF33190C74BB00E9DF4D /* Vita */,
				F728BF54190C74BB00E9DF4D /* VitaTests */,
			);
		};
/* End PBXProject section */

/* Begin PBXResourcesBuildPhase section */
		F728BF32190C74BB00E9DF4D /* Resources */ = {
			isa = PBXResourcesBuildPhase;
			buildActionMask = 2147483647;
			files = (
				F728BF50190C74BB00E9DF4D /* Images.xcassets in Resources */,
				F728BF42190C74BB00E9DF4D /* InfoPlist.strings in Resources */,
				F728BF4B190C74BB00E9DF4D /* Main.storyboard in Resources */,
			);
			runOnlyForDeploymentPostprocessing = 0;
		};
		F728BF53190C74BB00E9DF4D /* Resources */ = {
			isa = PBXResourcesBuildPhase;
			buildActionMask = 2147483647;
			files = (
				F728BF61190C74BB00E9DF4D /* InfoPlist.strings in Resources */,
			);
			runOnlyForDeploymentPostprocessing = 0;
		};
/* End PBXResourcesBuildPhase section */

/* Begin PBXSourcesBuildPhase section */
		F728BF30190C74BB00E9DF4D /* Sources */ = {
			isa = PBXSourcesBuildPhase;
			buildActionMask = 2147483647;
			files = (
				F728BF4E190C74BB00E9DF4D /* TelaVC.m in Sources */,
				F728BF71190C778800E9DF4D /* PrincipalVC.m in Sources */,
				F728BF48190C74BB00E9DF4D /* AppDelegate.m in Sources */,
				F728BF44190C74BB00E9DF4D /* main.m in Sources */,
				F728BF6E190C76F600E9DF4D /* MapaVC.m in Sources */,
			);
			runOnlyForDeploymentPostprocessing = 0;
		};
		F728BF51190C74BB00E9DF4D /* Sources */ = {
			isa = PBXSourcesBuildPhase;
			buildActionMask = 2147483647;
			files = (
				F728BF63190C74BB00E9DF4D /* VitaTests.m in Sources */,
			);
			runOnlyForDeploymentPostprocessing = 0;
		};
/* End PBXSourcesBuildPhase section */

/* Begin PBXTargetDependency section */
		F728BF5B190C74BB00E9DF4D /* PBXTargetDependency */ = {
			isa = PBXTargetDependency;
			target = F728BF33190C74BB00E9DF4D /* Vita */;
			targetProxy = F728BF5A190C74BB00E9DF4D /* PBXContainerItemProxy */;
		};
/* End PBXTargetDependency section */

/* Begin PBXVariantGroup section */
		F728BF40190C74BB00E9DF4D /* InfoPlist.strings */ = {
			isa = PBXVariantGroup;
			children = (
				F728BF41190C74BB00E9DF4D /* en */,
			);
			name = InfoPlist.strings;
			sourceTree = "<group>";
		};
		F728BF49190C74BB00E9DF4D /* Main.storyboard */ = {
			isa = PBXVariantGroup;
			children = (
				F728BF4A190C74BB00E9DF4D /* Base */,
			);
			name = Main.storyboard;
			sourceTree = "<group>";
		};
		F728BF5F190C74BB00E9DF4D /* InfoPlist.strings */ = {
			isa = PBXVariantGroup;
			children = (
				F728BF60190C74BB00E9DF4D /* en */,
			);
			name = InfoPlist.strings;
			sourceTree = "<group>";
		};
/* End PBXVariantGroup section */

/* Begin XCBuildConfiguration section */
		F728BF64190C74BB00E9DF4D /* Debug */ = {
			isa = XCBuildConfiguration;
			buildSettings = {
				ALWAYS_SEARCH_USER_PATHS = NO;
				CLANG_CXX_LANGUAGE_STANDARD = "gnu++0x";
				CLANG_CXX_LIBRARY = "libc++";
				CLANG_ENABLE_MODULES = YES;
				CLANG_ENABLE_OBJC_ARC = YES;
				CLANG_WARN_BOOL_CONVERSION = YES;
				CLANG_WARN_CONSTANT_CONVERSION = YES;
				CLANG_WARN_DIRECT_OBJC_ISA_USAGE = YES_ERROR;
				CLANG_WARN_EMPTY_BODY = YES;
				CLANG_WARN_ENUM_CONVERSION = YES;
				CLANG_WARN_INT_CONVERSION = YES;
				CLANG_WARN_OBJC_ROOT_CLASS = YES_ERROR;
				CLANG_WARN__DUPLICATE_METHOD_MATCH = YES;
				"CODE_SIGN_IDENTITY[sdk=iphoneos*]" = "iPhone Developer";
				COPY_PHASE_STRIP = NO;
				GCC_C_LANGUAGE_STANDARD = gnu99;
				GCC_DYNAMIC_NO_PIC = NO;
				GCC_OPTIMIZATION_LEVEL = 0;
				GCC_PREPROCESSOR_DEFINITIONS = (
					"DEBUG=1",
					"$(inherited)",
				);
				GCC_SYMBOLS_PRIVATE_EXTERN = NO;
				GCC_WARN_64_TO_32_BIT_CONVERSION = YES;
				GCC_WARN_ABOUT_RETURN_TYPE = YES_ERROR;
				GCC_WARN_UNDECLARED_SELECTOR = YES;
				GCC_WARN_UNINITIALIZED_AUTOS = YES_AGGRESSIVE;
				GCC_WARN_UNUSED_FUNCTION = YES;
				GCC_WARN_UNUSED_VARIABLE = YES;
				IPHONEOS_DEPLOYMENT_TARGET = 7.1;
				ONLY_ACTIVE_ARCH = YES;
				SDKROOT = iphoneos;
			};
			name = Debug;
		};
		F728BF65190C74BB00E9DF4D /* Release */ = {
			isa = XCBuildConfiguration;
			buildSettings = {
				ALWAYS_SEARCH_USER_PATHS = NO;
				CLANG_CXX_LANGUAGE_STANDARD = "gnu++0x";
				CLANG_CXX_LIBRARY = "libc++";
				CLANG_ENABLE_MODULES = YES;
				CLANG_ENABLE_OBJC_ARC = YES;
				CLANG_WARN_BOOL_CONVERSION = YES;
				CLANG_WARN_CONSTANT_CONVERSION = YES;
				CLANG_WARN_DIRECT_OBJC_ISA_USAGE = YES_ERROR;
				CLANG_WARN_EMPTY_BODY = YES;
				CLANG_WARN_ENUM_CONVERSION = YES;
				CLANG_WARN_INT_CONVERSION = YES;
				CLANG_WARN_OBJC_ROOT_CLASS = YES_ERROR;
				CLANG_WARN__DUPLICATE_METHOD_MATCH = YES;
				"CODE_SIGN_IDENTITY[sdk=iphoneos*]" = "iPhone Developer";
				COPY_PHASE_STRIP = YES;
				ENABLE_NS_ASSERTIONS = NO;
				GCC_C_LANGUAGE_STANDARD = gnu99;
				GCC_WARN_64_TO_32_BIT_CONVERSION = YES;
				GCC_WARN_ABOUT_RETURN_TYPE = YES_ERROR;
				GCC_WARN_UNDECLARED_SELECTOR = YES;
				GCC_WARN_UNINITIALIZED_AUTOS = YES_AGGRESSIVE;
				GCC_WARN_UNUSED_FUNCTION = YES;
				GCC_WARN_UNUSED_VARIABLE = YES;
				IPHONEOS_DEPLOYMENT_TARGET = 7.1;
				SDKROOT = iphoneos;
				VALIDATE_PRODUCT = YES;
			};
			name = Release;
		};
		F728BF67190C74BB00E9DF4D /* Debug */ = {
			isa = XCBuildConfiguration;
			buildSettings = {
				ASSETCATALOG_COMPILER_APPICON_NAME = AppIcon;
				ASSETCATALOG_COMPILER_LAUNCHIMAGE_NAME = LaunchImage;
				GCC_PRECOMPILE_PREFIX_HEADER = YES;
				GCC_PREFIX_HEADER = "Vita/Vita-Prefix.pch";
				INFOPLIST_FILE = "Vita/Vita-Info.plist";
				PRODUCT_NAME = "$(TARGET_NAME)";
				WRAPPER_EXTENSION = app;
			};
			name = Debug;
		};
		F728BF68190C74BB00E9DF4D /* Release */ = {
			isa = XCBuildConfiguration;
			buildSettings = {
				ASSETCATALOG_COMPILER_APPICON_NAME = AppIcon;
				ASSETCATALOG_COMPILER_LAUNCHIMAGE_NAME = LaunchImage;
				GCC_PRECOMPILE_PREFIX_HEADER = YES;
				GCC_PREFIX_HEADER = "Vita/Vita-Prefix.pch";
				INFOPLIST_FILE = "Vita/Vita-Info.plist";
				PRODUCT_NAME = "$(TARGET_NAME)";
				WRAPPER_EXTENSION = app;
			};
			name = Release;
		};
		F728BF6A190C74BB00E9DF4D /* Debug */ = {
			isa = XCBuildConfiguration;
			buildSettings = {
				BUNDLE_LOADER = "$(BUILT_PRODUCTS_DIR)/Vita.app/Vita";
				FRAMEWORK_SEARCH_PATHS = (
					"$(SDKROOT)/Developer/Library/Frameworks",
					"$(inherited)",
					"$(DEVELOPER_FRAMEWORKS_DIR)",
				);
				GCC_PRECOMPILE_PREFIX_HEADER = YES;
				GCC_PREFIX_HEADER = "Vita/Vita-Prefix.pch";
				GCC_PREPROCESSOR_DEFINITIONS = (
					"DEBUG=1",
					"$(inherited)",
				);
				INFOPLIST_FILE = "VitaTests/VitaTests-Info.plist";
				PRODUCT_NAME = "$(TARGET_NAME)";
				TEST_HOST = "$(BUNDLE_LOADER)";
				WRAPPER_EXTENSION = xctest;
			};
			name = Debug;
		};
		F728BF6B190C74BB00E9DF4D /* Release */ = {
			isa = XCBuildConfiguration;
			buildSettings = {
				BUNDLE_LOADER = "$(BUILT_PRODUCTS_DIR)/Vita.app/Vita";
				FRAMEWORK_SEARCH_PATHS = (
					"$(SDKROOT)/Developer/Library/Frameworks",
					"$(inherited)",
					"$(DEVELOPER_FRAMEWORKS_DIR)",
				);
				GCC_PRECOMPILE_PREFIX_HEADER = YES;
				GCC_PREFIX_HEADER = "Vita/Vita-Prefix.pch";
				INFOPLIST_FILE = "VitaTests/VitaTests-Info.plist";
				PRODUCT_NAME = "$(TARGET_NAME)";
				TEST_HOST = "$(BUNDLE_LOADER)";
				WRAPPER_EXTENSION = xctest;
			};
			name = Release;
		};
/* End XCBuildConfiguration section */

/* Begin XCConfigurationList section */
		F728BF2F190C74BB00E9DF4D /* Build configuration list for PBXProject "Vita" */ = {
			isa = XCConfigurationList;
			buildConfigurations = (
				F728BF64190C74BB00E9DF4D /* Debug */,
				F728BF65190C74BB00E9DF4D /* Release */,
			);
			defaultConfigurationIsVisible = 0;
			defaultConfigurationName = Release;
		};
		F728BF66190C74BB00E9DF4D /* Build configuration list for PBXNativeTarget "Vita" */ = {
			isa = XCConfigurationList;
			buildConfigurations = (
				F728BF67190C74BB00E9DF4D /* Debug */,
				F728BF68190C74BB00E9DF4D /* Release */,
			);
			defaultConfigurationIsVisible = 0;
		};
		F728BF69190C74BB00E9DF4D /* Build configuration list for PBXNativeTarget "VitaTests" */ = {
			isa = XCConfigurationList;
			buildConfigurations = (
				F728BF6A190C74BB00E9DF4D /* Debug */,
				F728BF6B190C74BB00E9DF4D /* Release */,
			);
			defaultConfigurationIsVisible = 0;
		};
/* End XCConfigurationList section */
	};
	rootObject = F728BF2C190C74BB00E9DF4D /* Project object */;
}
